{
  "name": "devtools",
  "lockfileVersion": 2,
  "requires": true,
  "packages": {
    "": {
      "dependencies": {
        "js-yaml": "^4.0.0",
        "moment": "^2.29.4",
        "node-forge": "^0.10.0",
        "prettydiff": "^101.2.6"
      }
    },
    "node_modules/@types/node": {
      "version": "12.19.16",
      "resolved": "https://registry.npmjs.org/@types/node/-/node-12.19.16.tgz",
      "integrity": "sha512-7xHmXm/QJ7cbK2laF+YYD7gb5MggHIIQwqyjin3bpEGiSuvScMQ5JZZXPvRipi1MwckTQbJZROMns/JxdnIL1Q=="
    },
    "node_modules/argparse": {
      "version": "2.0.1",
      "resolved": "https://registry.npmjs.org/argparse/-/argparse-2.0.1.tgz",
      "integrity": "sha512-8+9WqebbFzpX9OR+Wa6O29asIogeRMzcGtAINdpMHHyAg10f05aSFVBbcEqGf/PXw1EjAZ+q2/bEBg3DvurK3Q=="
    },
    "node_modules/file-saver": {
      "version": "2.0.5",
      "resolved": "https://registry.npmjs.org/file-saver/-/file-saver-2.0.5.tgz",
      "integrity": "sha512-P9bmyZ3h/PRG+Nzga+rbdI4OEpNDzAVyy74uVO9ATgzLK6VtAsYybF/+TOCvrc0MO793d6+42lLyZTw7/ArVzA=="
    },
    "node_modules/js-yaml": {
      "version": "4.0.0",
      "resolved": "https://registry.npmjs.org/js-yaml/-/js-yaml-4.0.0.tgz",
      "integrity": "sha512-pqon0s+4ScYUvX30wxQi3PogGFAlUyH0awepWvwkj4jD4v+ova3RiYw8bmA6x2rDrEaj8i/oWKoRxpVNW+Re8Q==",
      "dependencies": {
        "argparse": "^2.0.1"
      },
      "bin": {
        "js-yaml": "bin/js-yaml.js"
      }
    },
    "node_modules/moment": {
      "version": "2.29.4",
      "resolved": "https://registry.npmjs.org/moment/-/moment-2.29.4.tgz",
      "integrity": "sha512-5LC9SOxjSc2HF6vO2CyuTDNivEdoz2IvyJJGj6X8DJ0eFyfszE0QiEd+iXmBvUP3WHxSjFH/vIsA0EN00cgr8w==",
      "engines": {
        "node": "*"
      }
    },
    "node_modules/node-forge": {
      "version": "0.10.0",
      "resolved": "https://registry.npmjs.org/node-forge/-/node-forge-0.10.0.tgz",
      "integrity": "sha512-PPmu8eEeG9saEUvI97fm4OYxXVB6bFvyNTyiUOBichBpFG8A1Ljw3bY62+5oOjDEMHRnd0Y7HQ+x7uzxOzC6JA==",
      "engines": {
        "node": ">= 6.0.0"
      }
    },
    "node_modules/prettydiff": {
      "version": "101.2.6",
      "resolved": "https://registry.npmjs.org/prettydiff/-/prettydiff-101.2.6.tgz",
      "integrity": "sha512-/fJ33pQ8MPI7+IB8fo/lOMR58CE/4GYNZRtjcQiPYmGNMo1HS9KmaybYdtEnfmx5EOSe/ch3Sg2fJ8YkNKb/XQ==",
      "dependencies": {
        "@types/node": "^12.7.2",
        "file-saver": "^2.0.2",
        "sparser": "^1.4.11"
      },
      "bin": {
        "prettydiff": "bin/prettydiff"
      }
    },
    "node_modules/sparser": {
      "version": "1.4.12",
      "resolved": "https://registry.npmjs.org/sparser/-/sparser-1.4.12.tgz",
      "integrity": "sha512-qxDcacCuwHbvsf803PpZuETRI1pU8NAmLbyzZqFHPW7QjPK9pnCoX9ZPPbOMyiti6EOocfYzqzDPWj4fICXNzw==",
      "dependencies": {
        "@types/node": "^12.7.1"
      }
    }
  },
  "dependencies": {
    "@types/node": {
      "version": "12.19.16",
      "resolved": "https://registry.npmjs.org/@types/node/-/node-12.19.16.tgz",
      "integrity": "sha512-7xHmXm/QJ7cbK2laF+YYD7gb5MggHIIQwqyjin3bpEGiSuvScMQ5JZZXPvRipi1MwckTQbJZROMns/JxdnIL1Q=="
    },
    "argparse": {
      "version": "2.0.1",
      "resolved": "https://registry.npmjs.org/argparse/-/argparse-2.0.1.tgz",
      "integrity": "sha512-8+9WqebbFzpX9OR+Wa6O29asIogeRMzcGtAINdpMHHyAg10f05aSFVBbcEqGf/PXw1EjAZ+q2/bEBg3DvurK3Q=="
    },
    "file-saver": {
      "version": "2.0.5",
      "resolved": "https://registry.npmjs.org/file-saver/-/file-saver-2.0.5.tgz",
      "integrity": "sha512-P9bmyZ3h/PRG+Nzga+rbdI4OEpNDzAVyy74uVO9ATgzLK6VtAsYybF/+TOCvrc0MO793d6+42lLyZTw7/ArVzA=="
    },
    "js-yaml": {
      "version": "4.0.0",
      "resolved": "https://registry.npmjs.org/js-yaml/-/js-yaml-4.0.0.tgz",
      "integrity": "sha512-pqon0s+4ScYUvX30wxQi3PogGFAlUyH0awepWvwkj4jD4v+ova3RiYw8bmA6x2rDrEaj8i/oWKoRxpVNW+Re8Q==",
      "requires": {
        "argparse": "^2.0.1"
      }
    },
    "moment": {
      "version": "2.29.4",
      "resolved": "https://registry.npmjs.org/moment/-/moment-2.29.4.tgz",
      "integrity": "sha512-5LC9SOxjSc2HF6vO2CyuTDNivEdoz2IvyJJGj6X8DJ0eFyfszE0QiEd+iXmBvUP3WHxSjFH/vIsA0EN00cgr8w=="
    },
    "node-forge": {
      "version": "0.10.0",
      "resolved": "https://registry.npmjs.org/node-forge/-/node-forge-0.10.0.tgz",
      "integrity": "sha512-PPmu8eEeG9saEUvI97fm4OYxXVB6bFvyNTyiUOBichBpFG8A1Ljw3bY62+5oOjDEMHRnd0Y7HQ+x7uzxOzC6JA=="
    },
    "prettydiff": {
      "version": "101.2.6",
      "resolved": "https://registry.npmjs.org/prettydiff/-/prettydiff-101.2.6.tgz",
      "integrity": "sha512-/fJ33pQ8MPI7+IB8fo/lOMR58CE/4GYNZRtjcQiPYmGNMo1HS9KmaybYdtEnfmx5EOSe/ch3Sg2fJ8YkNKb/XQ==",
      "requires": {
        "@types/node": "^12.7.2",
        "file-saver": "^2.0.2",
        "sparser": "^1.4.11"
      }
    },
    "sparser": {
      "version": "1.4.12",
      "resolved": "https://registry.npmjs.org/sparser/-/sparser-1.4.12.tgz",
      "integrity": "sha512-qxDcacCuwHbvsf803PpZuETRI1pU8NAmLbyzZqFHPW7QjPK9pnCoX9ZPPbOMyiti6EOocfYzqzDPWj4fICXNzw==",
      "requires": {
        "@types/node": "^12.7.1"
      }
    }
  }
}
